
Microsoft Visual Studio Solution File, Format Version 12.00
# Visual Studio 2017
Project("{FAE04EC0-301F-11D3-BF4B-00C04F79EFBC}") = "HoloFace2", "HoloFace2.csproj", "{D6665E72-AD20-C533-75E6-96B23321E47F}"
EndProject
Project("{FAE04EC0-301F-11D3-BF4B-00C04F79EFBC}") = "HoloFace2.Editor", "HoloFace2.Editor.csproj", "{2094FA6B-8CBA-E335-B915-1FE9754FEE4C}"
EndProject
Global
	GlobalSection(SolutionConfigurationPlatforms) = preSolution
		Debug|Any CPU = Debug|Any CPU
		Release|Any CPU = Release|Any CPU
	EndGlobalSection
	GlobalSection(ProjectConfigurationPlatforms) = postSolution
		{D6665E72-AD20-C533-75E6-96B23321E47F}.Debug|Any CPU.ActiveCfg = Debug|Any CPU
		{D6665E72-AD20-C533-75E6-96B23321E47F}.Debug|Any CPU.Build.0 = Debug|Any CPU
		{D6665E72-AD20-C533-75E6-96B23321E47F}.Release|Any CPU.ActiveCfg = Release|Any CPU
		{D6665E72-AD20-C533-75E6-96B23321E47F}.Release|Any CPU.Build.0 = Release|Any CPU
		{2094FA6B-8CBA-E335-B915-1FE9754FEE4C}.Debug|Any CPU.ActiveCfg = Debug|Any CPU
		{2094FA6B-8CBA-E335-B915-1FE9754FEE4C}.Debug|Any CPU.Build.0 = Debug|Any CPU
		{2094FA6B-8CBA-E335-B915-1FE9754FEE4C}.Release|Any CPU.ActiveCfg = Release|Any CPU
		{2094FA6B-8CBA-E335-B915-1FE9754FEE4C}.Release|Any CPU.Build.0 = Release|Any CPU
	EndGlobalSection
	GlobalSection(SolutionProperties) = preSolution
		HideSolutionNode = FALSE
	EndGlobalSection
EndGlobal
